
Microsoft Visual Studio Solution File, Format Version 12.00
# Visual Studio 14
VisualStudioVersion = 14.0.23107.0
MinimumVisualStudioVersion = 10.0.40219.1
Project("{FAE04EC0-301F-11D3-BF4B-00C04F79EFBC}") = "Chess", "Chess\Chess.csproj", "{07DB4E70-1E50-46AE-BB47-C609A35E88DA}"
EndProject
Project("{FAE04EC0-301F-11D3-BF4B-00C04F79EFBC}") = "ChessEngine", "ChessEngine\ChessEngine.csproj", "{DBFB0F51-C370-4C71-B9F5-FC6C0F85680E}"
EndProject
Project("{FAE04EC0-301F-11D3-BF4B-00C04F79EFBC}") = "ChessEngineTest", "ChessEngineTest\ChessEngineTest.csproj", "{014E96BF-107A-40C1-9B60-2DA49291B90E}"
EndProject
Global
	GlobalSection(SolutionConfigurationPlatforms) = preSolution
		Debug|Any CPU = Debug|Any CPU
		Release|Any CPU = Release|Any CPU
	EndGlobalSection
	GlobalSection(ProjectConfigurationPlatforms) = postSolution
		{07DB4E70-1E50-46AE-BB47-C609A35E88DA}.Debug|Any CPU.ActiveCfg = Debug|Any CPU
		{07DB4E70-1E50-46AE-BB47-C609A35E88DA}.Debug|Any CPU.Build.0 = Debug|Any CPU
		{07DB4E70-1E50-46AE-BB47-C609A35E88DA}.Release|Any CPU.ActiveCfg = Release|Any CPU
		{07DB4E70-1E50-46AE-BB47-C609A35E88DA}.Release|Any CPU.Build.0 = Release|Any CPU
		{DBFB0F51-C370-4C71-B9F5-FC6C0F85680E}.Debug|Any CPU.ActiveCfg = Debug|Any CPU
		{DBFB0F51-C370-4C71-B9F5-FC6C0F85680E}.Debug|Any CPU.Build.0 = Debug|Any CPU
		{DBFB0F51-C370-4C71-B9F5-FC6C0F85680E}.Release|Any CPU.ActiveCfg = Release|Any CPU
		{DBFB0F51-C370-4C71-B9F5-FC6C0F85680E}.Release|Any CPU.Build.0 = Release|Any CPU
		{014E96BF-107A-40C1-9B60-2DA49291B90E}.Debug|Any CPU.ActiveCfg = Debug|Any CPU
		{014E96BF-107A-40C1-9B60-2DA49291B90E}.Debug|Any CPU.Build.0 = Debug|Any CPU
		{014E96BF-107A-40C1-9B60-2DA49291B90E}.Release|Any CPU.ActiveCfg = Release|Any CPU
		{014E96BF-107A-40C1-9B60-2DA49291B90E}.Release|Any CPU.Build.0 = Release|Any CPU
	EndGlobalSection
	GlobalSection(SolutionProperties) = preSolution
		HideSolutionNode = FALSE
	EndGlobalSection
EndGlobal
